// !$*UTF8*$!
{
	archiveVersion = 1;
	classes = {
	};
	objectVersion = 56;
	objects = {

/* Begin PBXBuildFile section */
		3F13A1C6294E4FE70068DD6D /* NetworkinJwtApp.swift in Sources */ = {isa = PBXBuildFile; fileRef = 3F13A1C5294E4FE70068DD6D /* NetworkinJwtApp.swift */; };
		3F13A1C8294E4FE70068DD6D /* ContentView.swift in Sources */ = {isa = PBXBuildFile; fileRef = 3F13A1C7294E4FE70068DD6D /* ContentView.swift */; };
		3F13A1CA294E4FE70068DD6D /* Assets.xcassets in Resources */ = {isa = PBXBuildFile; fileRef = 3F13A1C9294E4FE70068DD6D /* Assets.xcassets */; };
		3F13A1CE294E4FE70068DD6D /* Preview Assets.xcassets in Resources */ = {isa = PBXBuildFile; fileRef = 3F13A1CD294E4FE70068DD6D /* Preview Assets.xcassets */; };
		3F13A1D8294E50320068DD6D /* User.swift in Sources */ = {isa = PBXBuildFile; fileRef = 3F13A1D7294E50320068DD6D /* User.swift */; };
		3F13A1DA294E50EC0068DD6D /* TokensInfo.swift in Sources */ = {isa = PBXBuildFile; fileRef = 3F13A1D9294E50EC0068DD6D /* TokensInfo.swift */; };
		3F13A1DD294E57860068DD6D /* TokenInfo.swift in Sources */ = {isa = PBXBuildFile; fileRef = 3F13A1DC294E57860068DD6D /* TokenInfo.swift */; };
		3F13A1DF294E57BC0068DD6D /* AuthBody.swift in Sources */ = {isa = PBXBuildFile; fileRef = 3F13A1DE294E57BC0068DD6D /* AuthBody.swift */; };
		3F13A1E1294E57EC0068DD6D /* ErrorResponse.swift in Sources */ = {isa = PBXBuildFile; fileRef = 3F13A1E0294E57EC0068DD6D /* ErrorResponse.swift */; };
		3F13A1E3294E58800068DD6D /* Developer.swift in Sources */ = {isa = PBXBuildFile; fileRef = 3F13A1E2294E58800068DD6D /* Developer.swift */; };
/* End PBXBuildFile section */

/* Begin PBXFileReference section */
		3F13A1C2294E4FE70068DD6D /* NetworkinJwt.app */ = {isa = PBXFileReference; explicitFileType = wrapper.application; includeInIndex = 0; path = NetworkinJwt.app; sourceTree = BUILT_PRODUCTS_DIR; };
		3F13A1C5294E4FE70068DD6D /* NetworkinJwtApp.swift */ = {isa = PBXFileReference; lastKnownFileType = sourcecode.swift; path = NetworkinJwtApp.swift; sourceTree = "<group>"; };
		3F13A1C7294E4FE70068DD6D /* ContentView.swift */ = {isa = PBXFileReference; lastKnownFileType = sourcecode.swift; path = ContentView.swift; sourceTree = "<group>"; };
		3F13A1C9294E4FE70068DD6D /* Assets.xcassets */ = {isa = PBXFileReference; lastKnownFileType = folder.assetcatalog; path = Assets.xcassets; sourceTree = "<group>"; };
		3F13A1CB294E4FE70068DD6D /* NetworkinJwt.entitlements */ = {isa = PBXFileReference; lastKnownFileType = text.plist.entitlements; path = NetworkinJwt.entitlements; sourceTree = "<group>"; };
		3F13A1CD294E4FE70068DD6D /* Preview Assets.xcassets */ = {isa = PBXFileReference; lastKnownFileType = folder.assetcatalog; path = "Preview Assets.xcassets"; sourceTree = "<group>"; };
		3F13A1D7294E50320068DD6D /* User.swift */ = {isa = PBXFileReference; lastKnownFileType = sourcecode.swift; path = User.swift; sourceTree = "<group>"; };
		3F13A1D9294E50EC0068DD6D /* TokensInfo.swift */ = {isa = PBXFileReference; lastKnownFileType = sourcecode.swift; path = TokensInfo.swift; sourceTree = "<group>"; };
		3F13A1DC294E57860068DD6D /* TokenInfo.swift */ = {isa = PBXFileReference; lastKnownFileType = sourcecode.swift; path = TokenInfo.swift; sourceTree = "<group>"; };
		3F13A1DE294E57BC0068DD6D /* AuthBody.swift */ = {isa = PBXFileReference; lastKnownFileType = sourcecode.swift; path = AuthBody.swift; sourceTree = "<group>"; };
		3F13A1E0294E57EC0068DD6D /* ErrorResponse.swift */ = {isa = PBXFileReference; lastKnownFileType = sourcecode.swift; path = ErrorResponse.swift; sourceTree = "<group>"; };
		3F13A1E2294E58800068DD6D /* Developer.swift */ = {isa = PBXFileReference; lastKnownFileType = sourcecode.swift; path = Developer.swift; sourceTree = "<group>"; };
/* End PBXFileReference section */

/* Begin PBXFrameworksBuildPhase section */
		3F13A1BF294E4FE70068DD6D /* Frameworks */ = {
			isa = PBXFrameworksBuildPhase;
			buildActionMask = 2147483647;
			files = (
			);
			runOnlyForDeploymentPostprocessing = 0;
		};
/* End PBXFrameworksBuildPhase section */

/* Begin PBXGroup section */
		3F13A1B9294E4FE70068DD6D = {
			isa = PBXGroup;
			children = (
				3F13A1C4294E4FE70068DD6D /* NetworkinJwt */,
				3F13A1C3294E4FE70068DD6D /* Products */,
			);
			sourceTree = "<group>";
		};
		3F13A1C3294E4FE70068DD6D /* Products */ = {
			isa = PBXGroup;
			children = (
				3F13A1C2294E4FE70068DD6D /* NetworkinJwt.app */,
			);
			name = Products;
			sourceTree = "<group>";
		};
		3F13A1C4294E4FE70068DD6D /* NetworkinJwt */ = {
			isa = PBXGroup;
			children = (
				3F13A1D6294E50180068DD6D /* View */,
				3F13A1D5294E500D0068DD6D /* ViewModel */,
				3F13A1D4294E4FF50068DD6D /* Model */,
				3F13A1C5294E4FE70068DD6D /* NetworkinJwtApp.swift */,
				3F13A1C7294E4FE70068DD6D /* ContentView.swift */,
				3F13A1C9294E4FE70068DD6D /* Assets.xcassets */,
				3F13A1CB294E4FE70068DD6D /* NetworkinJwt.entitlements */,
				3F13A1CC294E4FE70068DD6D /* Preview Content */,
			);
			path = NetworkinJwt;
			sourceTree = "<group>";
		};
		3F13A1CC294E4FE70068DD6D /* Preview Content */ = {
			isa = PBXGroup;
			children = (
				3F13A1CD294E4FE70068DD6D /* Preview Assets.xcassets */,
			);
			path = "Preview Content";
			sourceTree = "<group>";
		};
		3F13A1D4294E4FF50068DD6D /* Model */ = {
			isa = PBXGroup;
			children = (
				3F13A1D7294E50320068DD6D /* User.swift */,
				3F13A1D9294E50EC0068DD6D /* TokensInfo.swift */,
				3F13A1DC294E57860068DD6D /* TokenInfo.swift */,
				3F13A1DE294E57BC0068DD6D /* AuthBody.swift */,
				3F13A1E0294E57EC0068DD6D /* ErrorResponse.swift */,
				3F13A1E2294E58800068DD6D /* Developer.swift */,
			);
			path = Model;
			sourceTree = "<group>";
		};
		3F13A1D5294E500D0068DD6D /* ViewModel */ = {
			isa = PBXGroup;
			children = (
			);
			path = ViewModel;
			sourceTree = "<group>";
		};
		3F13A1D6294E50180068DD6D /* View */ = {
			isa = PBXGroup;
			children = (
			);
			path = View;
			sourceTree = "<group>";
		};
/* End PBXGroup section */

/* Begin PBXNativeTarget section */
		3F13A1C1294E4FE70068DD6D /* NetworkinJwt */ = {
			isa = PBXNativeTarget;
			buildConfigurationList = 3F13A1D1294E4FE70068DD6D /* Build configuration list for PBXNativeTarget "NetworkinJwt" */;
			buildPhases = (
				3F13A1BE294E4FE70068DD6D /* Sources */,
				3F13A1BF294E4FE70068DD6D /* Frameworks */,
				3F13A1C0294E4FE70068DD6D /* Resources */,
			);
			buildRules = (
			);
			dependencies = (
			);
			name = NetworkinJwt;
			productName = NetworkinJwt;
			productReference = 3F13A1C2294E4FE70068DD6D /* NetworkinJwt.app */;
			productType = "com.apple.product-type.application";
		};
/* End PBXNativeTarget section */

/* Begin PBXProject section */
		3F13A1BA294E4FE70068DD6D /* Project object */ = {
			isa = PBXProject;
			attributes = {
				BuildIndependentTargetsInParallel = 1;
				LastSwiftUpdateCheck = 1420;
				LastUpgradeCheck = 1420;
				TargetAttributes = {
					3F13A1C1294E4FE70068DD6D = {
						CreatedOnToolsVersion = 14.2;
					};
				};
			};
			buildConfigurationList = 3F13A1BD294E4FE70068DD6D /* Build configuration list for PBXProject "NetworkinJwt" */;
			compatibilityVersion = "Xcode 14.0";
			developmentRegion = en;
			hasScannedForEncodings = 0;
			knownRegions = (
				en,
				Base,
			);
			mainGroup = 3F13A1B9294E4FE70068DD6D;
			productRefGroup = 3F13A1C3294E4FE70068DD6D /* Products */;
			projectDirPath = "";
			projectRoot = "";
			targets = (
				3F13A1C1294E4FE70068DD6D /* NetworkinJwt */,
			);
		};
/* End PBXProject section */

/* Begin PBXResourcesBuildPhase section */
		3F13A1C0294E4FE70068DD6D /* Resources */ = {
			isa = PBXResourcesBuildPhase;
			buildActionMask = 2147483647;
			files = (
				3F13A1CE294E4FE70068DD6D /* Preview Assets.xcassets in Resources */,
				3F13A1CA294E4FE70068DD6D /* Assets.xcassets in Resources */,
			);
			runOnlyForDeploymentPostprocessing = 0;
		};
/* End PBXResourcesBuildPhase section */

/* Begin PBXSourcesBuildPhase section */
		3F13A1BE294E4FE70068DD6D /* Sources */ = {
			isa = PBXSourcesBuildPhase;
			buildActionMask = 2147483647;
			files = (
				3F13A1E3294E58800068DD6D /* Developer.swift in Sources */,
				3F13A1C8294E4FE70068DD6D /* ContentView.swift in Sources */,
				3F13A1DF294E57BC0068DD6D /* AuthBody.swift in Sources */,
				3F13A1C6294E4FE70068DD6D /* NetworkinJwtApp.swift in Sources */,
				3F13A1D8294E50320068DD6D /* User.swift in Sources */,
				3F13A1DD294E57860068DD6D /* TokenInfo.swift in Sources */,
				3F13A1DA294E50EC0068DD6D /* TokensInfo.swift in Sources */,
				3F13A1E1294E57EC0068DD6D /* ErrorResponse.swift in Sources */,
			);
			runOnlyForDeploymentPostprocessing = 0;
		};
/* End PBXSourcesBuildPhase section */

/* Begin XCBuildConfiguration section */
		3F13A1CF294E4FE70068DD6D /* Debug */ = {
			isa = XCBuildConfiguration;
			buildSettings = {
				ALWAYS_SEARCH_USER_PATHS = NO;
				CLANG_ANALYZER_NONNULL = YES;
				CLANG_ANALYZER_NUMBER_OBJECT_CONVERSION = YES_AGGRESSIVE;
				CLANG_CXX_LANGUAGE_STANDARD = "gnu++20";
				CLANG_ENABLE_MODULES = YES;
				CLANG_ENABLE_OBJC_ARC = YES;
				CLANG_ENABLE_OBJC_WEAK = YES;
				CLANG_WARN_BLOCK_CAPTURE_AUTORELEASING = YES;
				CLANG_WARN_BOOL_CONVERSION = YES;
				CLANG_WARN_COMMA = YES;
				CLANG_WARN_CONSTANT_CONVERSION = YES;
				CLANG_WARN_DEPRECATED_OBJC_IMPLEMENTATIONS = YES;
				CLANG_WARN_DIRECT_OBJC_ISA_USAGE = YES_ERROR;
				CLANG_WARN_DOCUMENTATION_COMMENTS = YES;
				CLANG_WARN_EMPTY_BODY = YES;
				CLANG_WARN_ENUM_CONVERSION = YES;
				CLANG_WARN_INFINITE_RECURSION = YES;
				CLANG_WARN_INT_CONVERSION = YES;
				CLANG_WARN_NON_LITERAL_NULL_CONVERSION = YES;
				CLANG_WARN_OBJC_IMPLICIT_RETAIN_SELF = YES;
				CLANG_WARN_OBJC_LITERAL_CONVERSION = YES;
				CLANG_WARN_OBJC_ROOT_CLASS = YES_ERROR;
				CLANG_WARN_QUOTED_INCLUDE_IN_FRAMEWORK_HEADER = YES;
				CLANG_WARN_RANGE_LOOP_ANALYSIS = YES;
				CLANG_WARN_STRICT_PROTOTYPES = YES;
				CLANG_WARN_SUSPICIOUS_MOVE = YES;
				CLANG_WARN_UNGUARDED_AVAILABILITY = YES_AGGRESSIVE;
				CLANG_WARN_UNREACHABLE_CODE = YES;
				CLANG_WARN__DUPLICATE_METHOD_MATCH = YES;
				COPY_PHASE_STRIP = NO;
				DEBUG_INFORMATION_FORMAT = dwarf;
				ENABLE_STRICT_OBJC_MSGSEND = YES;
				ENABLE_TESTABILITY = YES;
				GCC_C_LANGUAGE_STANDARD = gnu11;
				GCC_DYNAMIC_NO_PIC = NO;
				GCC_NO_COMMON_BLOCKS = YES;
				GCC_OPTIMIZATION_LEVEL = 0;
				GCC_PREPROCESSOR_DEFINITIONS = (
					"DEBUG=1",
					"$(inherited)",
				);
				GCC_WARN_64_TO_32_BIT_CONVERSION = YES;
				GCC_WARN_ABOUT_RETURN_TYPE = YES_ERROR;
				GCC_WARN_UNDECLARED_SELECTOR = YES;
				GCC_WARN_UNINITIALIZED_AUTOS = YES_AGGRESSIVE;
				GCC_WARN_UNUSED_FUNCTION = YES;
				GCC_WARN_UNUSED_VARIABLE = YES;
				MTL_ENABLE_DEBUG_INFO = INCLUDE_SOURCE;
				MTL_FAST_MATH = YES;
				ONLY_ACTIVE_ARCH = YES;
				SWIFT_ACTIVE_COMPILATION_CONDITIONS = DEBUG;
				SWIFT_OPTIMIZATION_LEVEL = "-Onone";
			};
			name = Debug;
		};
		3F13A1D0294E4FE70068DD6D /* Release */ = {
			isa = XCBuildConfiguration;
			buildSettings = {
				ALWAYS_SEARCH_USER_PATHS = NO;
				CLANG_ANALYZER_NONNULL = YES;
				CLANG_ANALYZER_NUMBER_OBJECT_CONVERSION = YES_AGGRESSIVE;
				CLANG_CXX_LANGUAGE_STANDARD = "gnu++20";
				CLANG_ENABLE_MODULES = YES;
				CLANG_ENABLE_OBJC_ARC = YES;
				CLANG_ENABLE_OBJC_WEAK = YES;
				CLANG_WARN_BLOCK_CAPTURE_AUTORELEASING = YES;
				CLANG_WARN_BOOL_CONVERSION = YES;
				CLANG_WARN_COMMA = YES;
				CLANG_WARN_CONSTANT_CONVERSION = YES;
				CLANG_WARN_DEPRECATED_OBJC_IMPLEMENTATIONS = YES;
				CLANG_WARN_DIRECT_OBJC_ISA_USAGE = YES_ERROR;
				CLANG_WARN_DOCUMENTATION_COMMENTS = YES;
				CLANG_WARN_EMPTY_BODY = YES;
				CLANG_WARN_ENUM_CONVERSION = YES;
				CLANG_WARN_INFINITE_RECURSION = YES;
				CLANG_WARN_INT_CONVERSION = YES;
				CLANG_WARN_NON_LITERAL_NULL_CONVERSION = YES;
				CLANG_WARN_OBJC_IMPLICIT_RETAIN_SELF = YES;
				CLANG_WARN_OBJC_LITERAL_CONVERSION = YES;
				CLANG_WARN_OBJC_ROOT_CLASS = YES_ERROR;
				CLANG_WARN_QUOTED_INCLUDE_IN_FRAMEWORK_HEADER = YES;
				CLANG_WARN_RANGE_LOOP_ANALYSIS = YES;
				CLANG_WARN_STRICT_PROTOTYPES = YES;
				CLANG_WARN_SUSPICIOUS_MOVE = YES;
				CLANG_WARN_UNGUARDED_AVAILABILITY = YES_AGGRESSIVE;
				CLANG_WARN_UNREACHABLE_CODE = YES;
				CLANG_WARN__DUPLICATE_METHOD_MATCH = YES;
				COPY_PHASE_STRIP = NO;
				DEBUG_INFORMATION_FORMAT = "dwarf-with-dsym";
				ENABLE_NS_ASSERTIONS = NO;
				ENABLE_STRICT_OBJC_MSGSEND = YES;
				GCC_C_LANGUAGE_STANDARD = gnu11;
				GCC_NO_COMMON_BLOCKS = YES;
				GCC_WARN_64_TO_32_BIT_CONVERSION = YES;
				GCC_WARN_ABOUT_RETURN_TYPE = YES_ERROR;
				GCC_WARN_UNDECLARED_SELECTOR = YES;
				GCC_WARN_UNINITIALIZED_AUTOS = YES_AGGRESSIVE;
				GCC_WARN_UNUSED_FUNCTION = YES;
				GCC_WARN_UNUSED_VARIABLE = YES;
				MTL_ENABLE_DEBUG_INFO = NO;
				MTL_FAST_MATH = YES;
				SWIFT_COMPILATION_MODE = wholemodule;
				SWIFT_OPTIMIZATION_LEVEL = "-O";
			};
			name = Release;
		};
		3F13A1D2294E4FE70068DD6D /* Debug */ = {
			isa = XCBuildConfiguration;
			buildSettings = {
				ASSETCATALOG_COMPILER_APPICON_NAME = AppIcon;
				ASSETCATALOG_COMPILER_GLOBAL_ACCENT_COLOR_NAME = AccentColor;
				CODE_SIGN_ENTITLEMENTS = NetworkinJwt/NetworkinJwt.entitlements;
				CODE_SIGN_STYLE = Automatic;
				CURRENT_PROJECT_VERSION = 1;
				DEVELOPMENT_ASSET_PATHS = "\"NetworkinJwt/Preview Content\"";
				DEVELOPMENT_TEAM = PFVCA649R3;
				ENABLE_HARDENED_RUNTIME = YES;
				ENABLE_PREVIEWS = YES;
				GENERATE_INFOPLIST_FILE = YES;
				"INFOPLIST_KEY_UIApplicationSceneManifest_Generation[sdk=iphoneos*]" = YES;
				"INFOPLIST_KEY_UIApplicationSceneManifest_Generation[sdk=iphonesimulator*]" = YES;
				"INFOPLIST_KEY_UIApplicationSupportsIndirectInputEvents[sdk=iphoneos*]" = YES;
				"INFOPLIST_KEY_UIApplicationSupportsIndirectInputEvents[sdk=iphonesimulator*]" = YES;
				"INFOPLIST_KEY_UILaunchScreen_Generation[sdk=iphoneos*]" = YES;
				"INFOPLIST_KEY_UILaunchScreen_Generation[sdk=iphonesimulator*]" = YES;
				"INFOPLIST_KEY_UIStatusBarStyle[sdk=iphoneos*]" = UIStatusBarStyleDefault;
				"INFOPLIST_KEY_UIStatusBarStyle[sdk=iphonesimulator*]" = UIStatusBarStyleDefault;
				INFOPLIST_KEY_UISupportedInterfaceOrientations_iPad = "UIInterfaceOrientationPortrait UIInterfaceOrientationPortraitUpsideDown UIInterfaceOrientationLandscapeLeft UIInterfaceOrientationLandscapeRight";
				INFOPLIST_KEY_UISupportedInterfaceOrientations_iPhone = "UIInterfaceOrientationPortrait UIInterfaceOrientationLandscapeLeft UIInterfaceOrientationLandscapeRight";
				IPHONEOS_DEPLOYMENT_TARGET = 16.2;
				LD_RUNPATH_SEARCH_PATHS = "@executable_path/Frameworks";
				"LD_RUNPATH_SEARCH_PATHS[sdk=macosx*]" = "@executable_path/../Frameworks";
				MACOSX_DEPLOYMENT_TARGET = 13.1;
				MARKETING_VERSION = 1.0;
				PRODUCT_BUNDLE_IDENTIFIER = com.fleetman.NetworkinJwt;
				PRODUCT_NAME = "$(TARGET_NAME)";
				SDKROOT = auto;
				SUPPORTED_PLATFORMS = "iphoneos iphonesimulator macosx";
				SWIFT_EMIT_LOC_STRINGS = YES;
				SWIFT_VERSION = 5.0;
				TARGETED_DEVICE_FAMILY = "1,2";
			};
			name = Debug;
		};
		3F13A1D3294E4FE70068DD6D /* Release */ = {
			isa = XCBuildConfiguration;
			buildSettings = {
				ASSETCATALOG_COMPILER_APPICON_NAME = AppIcon;
				ASSETCATALOG_COMPILER_GLOBAL_ACCENT_COLOR_NAME = AccentColor;
				CODE_SIGN_ENTITLEMENTS = NetworkinJwt/NetworkinJwt.entitlements;
				CODE_SIGN_STYLE = Automatic;
				CURRENT_PROJECT_VERSION = 1;
				DEVELOPMENT_ASSET_PATHS = "\"NetworkinJwt/Preview Content\"";
				DEVELOPMENT_TEAM = PFVCA649R3;
				ENABLE_HARDENED_RUNTIME = YES;
				ENABLE_PREVIEWS = YES;
				GENERATE_INFOPLIST_FILE = YES;
				"INFOPLIST_KEY_UIApplicationSceneManifest_Generation[sdk=iphoneos*]" = YES;
				"INFOPLIST_KEY_UIApplicationSceneManifest_Generation[sdk=iphonesimulator*]" = YES;
				"INFOPLIST_KEY_UIApplicationSupportsIndirectInputEvents[sdk=iphoneos*]" = YES;
				"INFOPLIST_KEY_UIApplicationSupportsIndirectInputEvents[sdk=iphonesimulator*]" = YES;
				"INFOPLIST_KEY_UILaunchScreen_Generation[sdk=iphoneos*]" = YES;
				"INFOPLIST_KEY_UILaunchScreen_Generation[sdk=iphonesimulator*]" = YES;
				"INFOPLIST_KEY_UIStatusBarStyle[sdk=iphoneos*]" = UIStatusBarStyleDefault;
				"INFOPLIST_KEY_UIStatusBarStyle[sdk=iphonesimulator*]" = UIStatusBarStyleDefault;
				INFOPLIST_KEY_UISupportedInterfaceOrientations_iPad = "UIInterfaceOrientationPortrait UIInterfaceOrientationPortraitUpsideDown UIInterfaceOrientationLandscapeLeft UIInterfaceOrientationLandscapeRight";
				INFOPLIST_KEY_UISupportedInterfaceOrientations_iPhone = "UIInterfaceOrientationPortrait UIInterfaceOrientationLandscapeLeft UIInterfaceOrientationLandscapeRight";
				IPHONEOS_DEPLOYMENT_TARGET = 16.2;
				LD_RUNPATH_SEARCH_PATHS = "@executable_path/Frameworks";
				"LD_RUNPATH_SEARCH_PATHS[sdk=macosx*]" = "@executable_path/../Frameworks";
				MACOSX_DEPLOYMENT_TARGET = 13.1;
				MARKETING_VERSION = 1.0;
				PRODUCT_BUNDLE_IDENTIFIER = com.fleetman.NetworkinJwt;
				PRODUCT_NAME = "$(TARGET_NAME)";
				SDKROOT = auto;
				SUPPORTED_PLATFORMS = "iphoneos iphonesimulator macosx";
				SWIFT_EMIT_LOC_STRINGS = YES;
				SWIFT_VERSION = 5.0;
				TARGETED_DEVICE_FAMILY = "1,2";
			};
			name = Release;
		};
/* End XCBuildConfiguration section */

/* Begin XCConfigurationList section */
		3F13A1BD294E4FE70068DD6D /* Build configuration list for PBXProject "NetworkinJwt" */ = {
			isa = XCConfigurationList;
			buildConfigurations = (
				3F13A1CF294E4FE70068DD6D /* Debug */,
				3F13A1D0294E4FE70068DD6D /* Release */,
			);
			defaultConfigurationIsVisible = 0;
			defaultConfigurationName = Release;
		};
		3F13A1D1294E4FE70068DD6D /* Build configuration list for PBXNativeTarget "NetworkinJwt" */ = {
			isa = XCConfigurationList;
			buildConfigurations = (
				3F13A1D2294E4FE70068DD6D /* Debug */,
				3F13A1D3294E4FE70068DD6D /* Release */,
			);
			defaultConfigurationIsVisible = 0;
			defaultConfigurationName = Release;
		};
/* End XCConfigurationList section */
	};
	rootObject = 3F13A1BA294E4FE70068DD6D /* Project object */;
}
